// !$*UTF8*$!
{
	archiveVersion = 1;
	classes = {
	};
	objectVersion = 56;
	objects = {

/* Begin PBXBuildFile section */
		08BA9FA7E54B4A71824375EF /* main.mm in Sources */ = {isa = PBXBuildFile; fileRef = E0802142ACB140038F13B697 /* main.mm */; };
		0978CD32677F430C97AF6855 /* AppDelegate.mm in Sources */ = {isa = PBXBuildFile; fileRef = 58E8E8E1EF324B57A789E95E /* AppDelegate.mm */; };
		610929FFD4AC4CE2867ABFB6 /* SplatView.mm in Sources */ = {isa = PBXBuildFile; fileRef = 65F5609D4C194BD6A4535C10 /* SplatView.mm */; };
		9CAF47923B284476B9E30DCC /* ios_metal_bridge_stub.mm in Sources */ = {isa = PBXBuildFile; fileRef = D5F97D10263C4B5785D36D1C /* ios_metal_bridge_stub.mm */; };
		DF63C967A26D4946A51FB775 /* metal_context.cpp in Sources */ = {isa = PBXBuildFile; fileRef = 07E03D36384745818C75A799 /* metal_context.cpp */; settings = {COMPILER_FLAGS = "-DNS_PRIVATE_IMPLEMENTATION -DCA_PRIVATE_IMPLEMENTATION -DMTL_PRIVATE_IMPLEMENTATION"; }; };
		F1E497534FF9459591D4052B /* metal_scene.cpp in Sources */ = {isa = PBXBuildFile; fileRef = 306C4BC2551A458D93DCB8C1 /* metal_scene.cpp */; };
		D12A5C5F6DEC41619E0B590D /* metal_scene_manager.cpp in Sources */ = {isa = PBXBuildFile; fileRef = D8C67E462510421F87CDC06D /* metal_scene_manager.cpp */; };
		C340CDD9B8684665A236D7A1 /* gltf_loader.cpp in Sources */ = {isa = PBXBuildFile; fileRef = 02D0DF59929D4E30824907A5 /* gltf_loader.cpp */; };
		8A76AEF63D9844A1948E6C03 /* camera.cpp in Sources */ = {isa = PBXBuildFile; fileRef = 2931BA2D4E6D4815BABEFB04 /* camera.cpp */; };
		3137A4468628433AB00F9F4C /* metal_splat_renderer.cpp in Sources */ = {isa = PBXBuildFile; fileRef = 274DC28B2B584C0BA27DF22A /* metal_splat_renderer.cpp */; };
		C6D4BAF57470485A95F7A8BC /* dlss_io.cpp in Sources */ = {isa = PBXBuildFile; fileRef = A9958BFDFFEB4B25A7DB62B2 /* dlss_io.cpp */; };
		EB5538F0964A4E2C9C752637 /* scene_geometry.cpp in Sources */ = {isa = PBXBuildFile; fileRef = F632B36F2A5D418AB2A85BE3 /* scene_geometry.cpp */; };
		69A6527205E64DEFBDD1E117 /* metal_screenshot.cpp in Sources */ = {isa = PBXBuildFile; fileRef = 8E1EEDEFAC0A4F4EB5397544 /* metal_screenshot.cpp */; };
		F50732F6B7AC4C67A7A35169 /* reflected_pipeline.cpp in Sources */ = {isa = PBXBuildFile; fileRef = 561003A468254CF2B1244E8F /* reflected_pipeline.cpp */; };
		E75552357DDD4023AE4F22A8 /* metal_shader_transpiler.cpp in Sources */ = {isa = PBXBuildFile; fileRef = 0CC11AEE99BE401DA560FC5F /* metal_shader_transpiler.cpp */; };
		A8093538955E47EEB9CFAE97 /* metal_splat_luxc_renderer.cpp in Sources */ = {isa = PBXBuildFile; fileRef = 24EF83A640F04A9299061481 /* metal_splat_luxc_renderer.cpp */; };
		9C2638C4FEC717249A0D3ED3 /* orbit_camera.cpp in Sources */ = {isa = PBXBuildFile; fileRef = 147293AD9E070A3973ABC732 /* orbit_camera.cpp */; };
		7159B46FABA14FA1180A72AA /* net_input_assembly.mm in Sources */ = {isa = PBXBuildFile; fileRef = 117485AD60861188D71DF5CD /* net_input_assembly.mm */; };
		542E9D180707DAFA96079C82 /* mps_graph_unet.mm in Sources */ = {isa = PBXBuildFile; fileRef = 40B2FDE513BB34471461663D /* mps_graph_unet.mm */; };
		C48763807E638EA81504D03F /* live_reconstruct_pass.mm in Sources */ = {isa = PBXBuildFile; fileRef = 5F1ECA9697714C4E587C8F18 /* live_reconstruct_pass.mm */; };
		0E8E5DA30FF9F7570C28BA7C /* metal_live_reconstruct.cpp in Sources */ = {isa = PBXBuildFile; fileRef = B90F4C3A5E3ED77053A348AC /* metal_live_reconstruct.cpp */; };
		C1CEA2AC4D5142B1AE0664D7 /* spirv_cross.cpp in Sources */ = {isa = PBXBuildFile; fileRef = D7469EAC727E4B2CB3ED5F72 /* spirv_cross.cpp */; };
		1FC6C231D40D43C8B648F3F3 /* spirv_parser.cpp in Sources */ = {isa = PBXBuildFile; fileRef = 5C18C7494571423384888A6B /* spirv_parser.cpp */; };
		E401CA4CC2A64D73A9B466BB /* spirv_cross_parsed_ir.cpp in Sources */ = {isa = PBXBuildFile; fileRef = EE8761A440A54B159B0D3F83 /* spirv_cross_parsed_ir.cpp */; };
		01FFBE188D744534B7DD3219 /* spirv_cfg.cpp in Sources */ = {isa = PBXBuildFile; fileRef = 10531B990E5447FF973B3F94 /* spirv_cfg.cpp */; };
		9B910156ADA746E8802D9FA8 /* spirv_glsl.cpp in Sources */ = {isa = PBXBuildFile; fileRef = B4CAA495A9C6487FBDA998DF /* spirv_glsl.cpp */; };
		D84B834851B745DE99FD3072 /* spirv_msl.cpp in Sources */ = {isa = PBXBuildFile; fileRef = EAE7417EF0AF444A96479284 /* spirv_msl.cpp */; };
		B4647AC8C0284ED6A53B72D6 /* juggle_p0.8_stride4.glb in Resources */ = {isa = PBXBuildFile; fileRef = 8313202CBC794207A914ECE5 /* juggle_p0.8_stride4.glb */; };
		2F1C6E1A4B8A4B7A9C2E0D31 /* juggle_full_stride4.glb in Resources */ = {isa = PBXBuildFile; fileRef = 7A9D3F5E1C2B4A6E8F0D9C4B /* juggle_full_stride4.glb */; };
		871ABDA5F6464294B6191BFC /* texture.npy in Resources */ = {isa = PBXBuildFile; fileRef = B64F58B32DA7459A8FA040E0 /* texture.npy */; };
		DBA021A1197344FB96422B7E /* unet_weights.fp16.bin in Resources */ = {isa = PBXBuildFile; fileRef = 6C1778C27581409CA5282CB2 /* unet_weights.fp16.bin */; };
		DAA002B9D35C463FA3B85F10 /* unet_weights.layers.txt in Resources */ = {isa = PBXBuildFile; fileRef = 7FC88A7D33F04AD7869C2A3A /* unet_weights.layers.txt */; };
		95DC5E4FC9A64DE2ACAA7594 /* memory_head.npz in Resources */ = {isa = PBXBuildFile; fileRef = 53E6C4130DA74B3194B60F7F /* memory_head.npz */; };
		5CAEA93751D242B3B4B20ADE /* bg_sphere.npy in Resources */ = {isa = PBXBuildFile; fileRef = 9FE5F1AE0D8C4E79B59F1D71 /* bg_sphere.npy */; };
		4888393131264F938557D1B6 /* examples in Resources */ = {isa = PBXBuildFile; fileRef = 3B685382008E46EDA539E98B /* examples */; };
		8EE36E36D95A4E689D3ACC06 /* shaders in Resources */ = {isa = PBXBuildFile; fileRef = 52183A2E70764308B5E16630 /* shaders */; };
		76E965D2C69E4DC3A75EBE6E /* Metal.framework in Frameworks */ = {isa = PBXBuildFile; fileRef = 4CC367C2359F4C2DAAF258FF /* Metal.framework */; };
		E1282CA934CA42AE9812EF0D /* QuartzCore.framework in Frameworks */ = {isa = PBXBuildFile; fileRef = 49DF897390D34A87951D074F /* QuartzCore.framework */; };
		A1980183A72F4901B825D6FC /* Foundation.framework in Frameworks */ = {isa = PBXBuildFile; fileRef = 0B073FD805C04E97BFCBA7B3 /* Foundation.framework */; };
		3F45DFE114D24552B9F23EDF /* UIKit.framework in Frameworks */ = {isa = PBXBuildFile; fileRef = FDFB094FA3814525AD0BE3FA /* UIKit.framework */; };
		DDB0742BD6F34A1A8BA76E6E /* MetalPerformanceShaders.framework in Frameworks */ = {isa = PBXBuildFile; fileRef = D110E229400C455AA2461F25 /* MetalPerformanceShaders.framework */; };
		B4CF40B900CD430B9605F834 /* MetalPerformanceShadersGraph.framework in Frameworks */ = {isa = PBXBuildFile; fileRef = 3C63ADC8485B446BA3935DD0 /* MetalPerformanceShadersGraph.framework */; };
/* End PBXBuildFile section */

/* Begin PBXFileReference section */
		E0802142ACB140038F13B697 /* main.mm */ = {isa = PBXFileReference; lastKnownFileType = sourcecode.cpp.objcpp; path = main.mm; sourceTree = "<group>"; };
		ACC0E2C15F9F49E2B0ABD271 /* AppDelegate.h */ = {isa = PBXFileReference; lastKnownFileType = sourcecode.c.h; path = AppDelegate.h; sourceTree = "<group>"; };
		58E8E8E1EF324B57A789E95E /* AppDelegate.mm */ = {isa = PBXFileReference; lastKnownFileType = sourcecode.cpp.objcpp; path = AppDelegate.mm; sourceTree = "<group>"; };
		0676F38E92224273BC027CDF /* SplatView.h */ = {isa = PBXFileReference; lastKnownFileType = sourcecode.c.h; path = SplatView.h; sourceTree = "<group>"; };
		65F5609D4C194BD6A4535C10 /* SplatView.mm */ = {isa = PBXFileReference; lastKnownFileType = sourcecode.cpp.objcpp; path = SplatView.mm; sourceTree = "<group>"; };
		D5F97D10263C4B5785D36D1C /* ios_metal_bridge_stub.mm */ = {isa = PBXFileReference; lastKnownFileType = sourcecode.cpp.objcpp; path = ios_metal_bridge_stub.mm; sourceTree = "<group>"; };
		0BFEFD6DF61D4AB2BD89C528 /* Info.plist */ = {isa = PBXFileReference; lastKnownFileType = text.plist.xml; path = Info.plist; sourceTree = "<group>"; };
		07E03D36384745818C75A799 /* metal_context.cpp */ = {isa = PBXFileReference; lastKnownFileType = sourcecode.cpp.cpp; name = metal_context.cpp; path = ../playground_cpp/src/metal_context.cpp; sourceTree = "<group>"; };
		306C4BC2551A458D93DCB8C1 /* metal_scene.cpp */ = {isa = PBXFileReference; lastKnownFileType = sourcecode.cpp.cpp; name = metal_scene.cpp; path = ../playground_cpp/src/metal_scene.cpp; sourceTree = "<group>"; };
		D8C67E462510421F87CDC06D /* metal_scene_manager.cpp */ = {isa = PBXFileReference; lastKnownFileType = sourcecode.cpp.cpp; name = metal_scene_manager.cpp; path = ../playground_cpp/src/metal_scene_manager.cpp; sourceTree = "<group>"; };
		02D0DF59929D4E30824907A5 /* gltf_loader.cpp */ = {isa = PBXFileReference; lastKnownFileType = sourcecode.cpp.cpp; name = gltf_loader.cpp; path = ../playground_cpp/src/gltf_loader.cpp; sourceTree = "<group>"; };
		2931BA2D4E6D4815BABEFB04 /* camera.cpp */ = {isa = PBXFileReference; lastKnownFileType = sourcecode.cpp.cpp; name = camera.cpp; path = ../playground_cpp/src/camera.cpp; sourceTree = "<group>"; };
		274DC28B2B584C0BA27DF22A /* metal_splat_renderer.cpp */ = {isa = PBXFileReference; lastKnownFileType = sourcecode.cpp.cpp; name = metal_splat_renderer.cpp; path = ../playground_cpp/src/metal_splat_renderer.cpp; sourceTree = "<group>"; };
		A9958BFDFFEB4B25A7DB62B2 /* dlss_io.cpp */ = {isa = PBXFileReference; lastKnownFileType = sourcecode.cpp.cpp; name = dlss_io.cpp; path = ../playground_cpp/src/dlss_io.cpp; sourceTree = "<group>"; };
		F632B36F2A5D418AB2A85BE3 /* scene_geometry.cpp */ = {isa = PBXFileReference; lastKnownFileType = sourcecode.cpp.cpp; name = scene_geometry.cpp; path = ../playground_cpp/src/scene_geometry.cpp; sourceTree = "<group>"; };
		8E1EEDEFAC0A4F4EB5397544 /* metal_screenshot.cpp */ = {isa = PBXFileReference; lastKnownFileType = sourcecode.cpp.cpp; name = metal_screenshot.cpp; path = ../playground_cpp/src/metal_screenshot.cpp; sourceTree = "<group>"; };
		561003A468254CF2B1244E8F /* reflected_pipeline.cpp */ = {isa = PBXFileReference; lastKnownFileType = sourcecode.cpp.cpp; name = reflected_pipeline.cpp; path = ../playground_cpp/src/reflected_pipeline.cpp; sourceTree = "<group>"; };
		0CC11AEE99BE401DA560FC5F /* metal_shader_transpiler.cpp */ = {isa = PBXFileReference; lastKnownFileType = sourcecode.cpp.cpp; name = metal_shader_transpiler.cpp; path = ../playground_cpp/src/metal_shader_transpiler.cpp; sourceTree = "<group>"; };
		24EF83A640F04A9299061481 /* metal_splat_luxc_renderer.cpp */ = {isa = PBXFileReference; lastKnownFileType = sourcecode.cpp.cpp; name = metal_splat_luxc_renderer.cpp; path = ../playground_cpp/src/metal_splat_luxc_renderer.cpp; sourceTree = "<group>"; };
		AFD06A1BD2B7A8AECDFD8AD5 /* orbit_camera.h */ = {isa = PBXFileReference; lastKnownFileType = sourcecode.c.h; name = orbit_camera.h; path = ../playground_cpp/src/orbit_camera.h; sourceTree = "<group>"; };
		147293AD9E070A3973ABC732 /* orbit_camera.cpp */ = {isa = PBXFileReference; lastKnownFileType = sourcecode.cpp.cpp; name = orbit_camera.cpp; path = ../playground_cpp/src/orbit_camera.cpp; sourceTree = "<group>"; };
		F20A8D28850BE3E4BF19946C /* net_input_assembly.h */ = {isa = PBXFileReference; lastKnownFileType = sourcecode.c.h; name = net_input_assembly.h; path = ../playground_cpp/src/net_input_assembly.h; sourceTree = "<group>"; };
		117485AD60861188D71DF5CD /* net_input_assembly.mm */ = {isa = PBXFileReference; lastKnownFileType = sourcecode.cpp.objcpp; name = net_input_assembly.mm; path = ../playground_cpp/src/net_input_assembly.mm; sourceTree = "<group>"; };
		61CD775E7CD0A84BABAED476 /* mps_graph_unet.h */ = {isa = PBXFileReference; lastKnownFileType = sourcecode.c.h; name = mps_graph_unet.h; path = ../playground_cpp/src/mps_graph_unet.h; sourceTree = "<group>"; };
		40B2FDE513BB34471461663D /* mps_graph_unet.mm */ = {isa = PBXFileReference; lastKnownFileType = sourcecode.cpp.objcpp; name = mps_graph_unet.mm; path = ../playground_cpp/src/mps_graph_unet.mm; sourceTree = "<group>"; };
		EF0326039336141531876695 /* live_reconstruct_pass.h */ = {isa = PBXFileReference; lastKnownFileType = sourcecode.c.h; name = live_reconstruct_pass.h; path = ../playground_cpp/src/live_reconstruct_pass.h; sourceTree = "<group>"; };
		5F1ECA9697714C4E587C8F18 /* live_reconstruct_pass.mm */ = {isa = PBXFileReference; lastKnownFileType = sourcecode.cpp.objcpp; name = live_reconstruct_pass.mm; path = ../playground_cpp/src/live_reconstruct_pass.mm; sourceTree = "<group>"; };
		B7DA4BE78C3D176A96775108 /* metal_live_reconstruct.h */ = {isa = PBXFileReference; lastKnownFileType = sourcecode.c.h; name = metal_live_reconstruct.h; path = ../playground_cpp/src/metal_live_reconstruct.h; sourceTree = "<group>"; };
		B90F4C3A5E3ED77053A348AC /* metal_live_reconstruct.cpp */ = {isa = PBXFileReference; lastKnownFileType = sourcecode.cpp.cpp; name = metal_live_reconstruct.cpp; path = ../playground_cpp/src/metal_live_reconstruct.cpp; sourceTree = "<group>"; };
		D7469EAC727E4B2CB3ED5F72 /* spirv_cross.cpp */ = {isa = PBXFileReference; lastKnownFileType = sourcecode.cpp.cpp; name = spirv_cross.cpp; path = ../playground_cpp/build-metal/_deps/spirv-cross-src/spirv_cross.cpp; sourceTree = "<group>"; };
		5C18C7494571423384888A6B /* spirv_parser.cpp */ = {isa = PBXFileReference; lastKnownFileType = sourcecode.cpp.cpp; name = spirv_parser.cpp; path = ../playground_cpp/build-metal/_deps/spirv-cross-src/spirv_parser.cpp; sourceTree = "<group>"; };
		EE8761A440A54B159B0D3F83 /* spirv_cross_parsed_ir.cpp */ = {isa = PBXFileReference; lastKnownFileType = sourcecode.cpp.cpp; name = spirv_cross_parsed_ir.cpp; path = ../playground_cpp/build-metal/_deps/spirv-cross-src/spirv_cross_parsed_ir.cpp; sourceTree = "<group>"; };
		10531B990E5447FF973B3F94 /* spirv_cfg.cpp */ = {isa = PBXFileReference; lastKnownFileType = sourcecode.cpp.cpp; name = spirv_cfg.cpp; path = ../playground_cpp/build-metal/_deps/spirv-cross-src/spirv_cfg.cpp; sourceTree = "<group>"; };
		B4CAA495A9C6487FBDA998DF /* spirv_glsl.cpp */ = {isa = PBXFileReference; lastKnownFileType = sourcecode.cpp.cpp; name = spirv_glsl.cpp; path = ../playground_cpp/build-metal/_deps/spirv-cross-src/spirv_glsl.cpp; sourceTree = "<group>"; };
		EAE7417EF0AF444A96479284 /* spirv_msl.cpp */ = {isa = PBXFileReference; lastKnownFileType = sourcecode.cpp.cpp; name = spirv_msl.cpp; path = ../playground_cpp/build-metal/_deps/spirv-cross-src/spirv_msl.cpp; sourceTree = "<group>"; };
		8313202CBC794207A914ECE5 /* juggle_p0.8_stride4.glb */ = {isa = PBXFileReference; lastKnownFileType = file; name = juggle_p0.8_stride4.glb; path = ../../mobiledlss/demo/ios_assets/juggle_p0.8_stride4.glb; sourceTree = "<group>"; };
		7A9D3F5E1C2B4A6E8F0D9C4B /* juggle_full_stride4.glb */ = {isa = PBXFileReference; lastKnownFileType = file; name = juggle_full_stride4.glb; path = ../../mobiledlss/demo/ios_assets/juggle_full_stride4.glb; sourceTree = "<group>"; };
		B64F58B32DA7459A8FA040E0 /* texture.npy */ = {isa = PBXFileReference; lastKnownFileType = file; name = texture.npy; path = ../../mobiledlss/demo/ios_assets/exported/texture.npy; sourceTree = "<group>"; };
		6C1778C27581409CA5282CB2 /* unet_weights.fp16.bin */ = {isa = PBXFileReference; lastKnownFileType = file; name = unet_weights.fp16.bin; path = ../../mobiledlss/demo/ios_assets/exported/unet_weights.fp16.bin; sourceTree = "<group>"; };
		7FC88A7D33F04AD7869C2A3A /* unet_weights.layers.txt */ = {isa = PBXFileReference; lastKnownFileType = file; name = unet_weights.layers.txt; path = ../../mobiledlss/demo/ios_assets/exported/unet_weights.layers.txt; sourceTree = "<group>"; };
		53E6C4130DA74B3194B60F7F /* memory_head.npz */ = {isa = PBXFileReference; lastKnownFileType = file; name = memory_head.npz; path = ../../mobiledlss/demo/ios_assets/exported/memory_head.npz; sourceTree = "<group>"; };
		9FE5F1AE0D8C4E79B59F1D71 /* bg_sphere.npy */ = {isa = PBXFileReference; lastKnownFileType = file; name = bg_sphere.npy; path = ../../mobiledlss/demo/ios_assets/bg_sphere.npy; sourceTree = "<group>"; };
		3B685382008E46EDA539E98B /* examples */ = {isa = PBXFileReference; lastKnownFileType = folder; name = examples; path = CompiledShaders/examples; sourceTree = "<group>"; };
		52183A2E70764308B5E16630 /* shaders */ = {isa = PBXFileReference; lastKnownFileType = folder; name = shaders; path = CompiledShaders/shaders; sourceTree = "<group>"; };
		4CC367C2359F4C2DAAF258FF /* Metal.framework */ = {isa = PBXFileReference; lastKnownFileType = wrapper.framework; name = Metal.framework; path = System/Library/Frameworks/Metal.framework; sourceTree = SDKROOT; };
		49DF897390D34A87951D074F /* QuartzCore.framework */ = {isa = PBXFileReference; lastKnownFileType = wrapper.framework; name = QuartzCore.framework; path = System/Library/Frameworks/QuartzCore.framework; sourceTree = SDKROOT; };
		0B073FD805C04E97BFCBA7B3 /* Foundation.framework */ = {isa = PBXFileReference; lastKnownFileType = wrapper.framework; name = Foundation.framework; path = System/Library/Frameworks/Foundation.framework; sourceTree = SDKROOT; };
		FDFB094FA3814525AD0BE3FA /* UIKit.framework */ = {isa = PBXFileReference; lastKnownFileType = wrapper.framework; name = UIKit.framework; path = System/Library/Frameworks/UIKit.framework; sourceTree = SDKROOT; };
		D110E229400C455AA2461F25 /* MetalPerformanceShaders.framework */ = {isa = PBXFileReference; lastKnownFileType = wrapper.framework; name = MetalPerformanceShaders.framework; path = System/Library/Frameworks/MetalPerformanceShaders.framework; sourceTree = SDKROOT; };
		3C63ADC8485B446BA3935DD0 /* MetalPerformanceShadersGraph.framework */ = {isa = PBXFileReference; lastKnownFileType = wrapper.framework; name = MetalPerformanceShadersGraph.framework; path = System/Library/Frameworks/MetalPerformanceShadersGraph.framework; sourceTree = SDKROOT; };
		CC1694FB466C4D56A8088036 /* playground_ios.app */ = {isa = PBXFileReference; explicitFileType = wrapper.application; includeInIndex = 0; path = playground_ios.app; sourceTree = BUILT_PRODUCTS_DIR; };
/* End PBXFileReference section */

/* Begin PBXFrameworksBuildPhase section */
		01BA59D09C59403286BC3B93 /* Frameworks */ = {
			isa = PBXFrameworksBuildPhase;
			buildActionMask = 2147483647;
			files = (
				76E965D2C69E4DC3A75EBE6E /* Metal.framework in Frameworks */,
				E1282CA934CA42AE9812EF0D /* QuartzCore.framework in Frameworks */,
				A1980183A72F4901B825D6FC /* Foundation.framework in Frameworks */,
				3F45DFE114D24552B9F23EDF /* UIKit.framework in Frameworks */,
				DDB0742BD6F34A1A8BA76E6E /* MetalPerformanceShaders.framework in Frameworks */,
				B4CF40B900CD430B9605F834 /* MetalPerformanceShadersGraph.framework in Frameworks */,
			);
			runOnlyForDeploymentPostprocessing = 0;
		};
/* End PBXFrameworksBuildPhase section */

/* Begin PBXGroup section */
		36A91E1A2BF6476988AEBD53 = {
			isa = PBXGroup;
			children = (
				A0C34482EBCF4775BE223A91 /* Source */,
				5A30D7C0BDC449A38F410AEA /* playground_cpp (external, read-only reuse) */,
				8313202CBC794207A914ECE5 /* juggle_p0.8_stride4.glb */,
				7A9D3F5E1C2B4A6E8F0D9C4B /* juggle_full_stride4.glb */,
				B64F58B32DA7459A8FA040E0 /* texture.npy */,
				6C1778C27581409CA5282CB2 /* unet_weights.fp16.bin */,
				7FC88A7D33F04AD7869C2A3A /* unet_weights.layers.txt */,
				53E6C4130DA74B3194B60F7F /* memory_head.npz */,
				9FE5F1AE0D8C4E79B59F1D71 /* bg_sphere.npy */,
				3B685382008E46EDA539E98B /* examples */,
				52183A2E70764308B5E16630 /* shaders */,
				AC786C0384784C4FBBB812E6 /* Frameworks */,
				795BD2B26D204ECFB37BEC43 /* Products */,
			);
			sourceTree = "<group>";
		};
		A0C34482EBCF4775BE223A91 /* Source */ = {
			isa = PBXGroup;
			children = (
				E0802142ACB140038F13B697 /* main.mm */,
				ACC0E2C15F9F49E2B0ABD271 /* AppDelegate.h */,
				58E8E8E1EF324B57A789E95E /* AppDelegate.mm */,
				0676F38E92224273BC027CDF /* SplatView.h */,
				65F5609D4C194BD6A4535C10 /* SplatView.mm */,
				D5F97D10263C4B5785D36D1C /* ios_metal_bridge_stub.mm */,
				0BFEFD6DF61D4AB2BD89C528 /* Info.plist */,
			);
			path = Source;
			sourceTree = "<group>";
		};
		5A30D7C0BDC449A38F410AEA /* playground_cpp (external, read-only reuse) */ = {
			isa = PBXGroup;
			children = (
				07E03D36384745818C75A799 /* metal_context.cpp */,
				306C4BC2551A458D93DCB8C1 /* metal_scene.cpp */,
				D8C67E462510421F87CDC06D /* metal_scene_manager.cpp */,
				02D0DF59929D4E30824907A5 /* gltf_loader.cpp */,
				2931BA2D4E6D4815BABEFB04 /* camera.cpp */,
				274DC28B2B584C0BA27DF22A /* metal_splat_renderer.cpp */,
				A9958BFDFFEB4B25A7DB62B2 /* dlss_io.cpp */,
				F632B36F2A5D418AB2A85BE3 /* scene_geometry.cpp */,
				8E1EEDEFAC0A4F4EB5397544 /* metal_screenshot.cpp */,
				561003A468254CF2B1244E8F /* reflected_pipeline.cpp */,
				0CC11AEE99BE401DA560FC5F /* metal_shader_transpiler.cpp */,
				24EF83A640F04A9299061481 /* metal_splat_luxc_renderer.cpp */,
				AFD06A1BD2B7A8AECDFD8AD5 /* orbit_camera.h */,
				147293AD9E070A3973ABC732 /* orbit_camera.cpp */,
				F20A8D28850BE3E4BF19946C /* net_input_assembly.h */,
				117485AD60861188D71DF5CD /* net_input_assembly.mm */,
				61CD775E7CD0A84BABAED476 /* mps_graph_unet.h */,
				40B2FDE513BB34471461663D /* mps_graph_unet.mm */,
				EF0326039336141531876695 /* live_reconstruct_pass.h */,
				5F1ECA9697714C4E587C8F18 /* live_reconstruct_pass.mm */,
				B7DA4BE78C3D176A96775108 /* metal_live_reconstruct.h */,
				B90F4C3A5E3ED77053A348AC /* metal_live_reconstruct.cpp */,
				D7469EAC727E4B2CB3ED5F72 /* spirv_cross.cpp */,
				5C18C7494571423384888A6B /* spirv_parser.cpp */,
				EE8761A440A54B159B0D3F83 /* spirv_cross_parsed_ir.cpp */,
				10531B990E5447FF973B3F94 /* spirv_cfg.cpp */,
				B4CAA495A9C6487FBDA998DF /* spirv_glsl.cpp */,
				EAE7417EF0AF444A96479284 /* spirv_msl.cpp */,
			);
			name = "playground_cpp (external, read-only reuse)";
			sourceTree = "<group>";
		};
		AC786C0384784C4FBBB812E6 /* Frameworks */ = {
			isa = PBXGroup;
			children = (
				4CC367C2359F4C2DAAF258FF /* Metal.framework */,
				49DF897390D34A87951D074F /* QuartzCore.framework */,
				0B073FD805C04E97BFCBA7B3 /* Foundation.framework */,
				FDFB094FA3814525AD0BE3FA /* UIKit.framework */,
				D110E229400C455AA2461F25 /* MetalPerformanceShaders.framework */,
				3C63ADC8485B446BA3935DD0 /* MetalPerformanceShadersGraph.framework */,
			);
			name = Frameworks;
			sourceTree = "<group>";
		};
		795BD2B26D204ECFB37BEC43 /* Products */ = {
			isa = PBXGroup;
			children = (
				CC1694FB466C4D56A8088036 /* playground_ios.app */,
			);
			name = Products;
			sourceTree = "<group>";
		};
/* End PBXGroup section */

/* Begin PBXNativeTarget section */
		7965CEDF6C294CFEA9DE3FA2 /* playground_ios */ = {
			isa = PBXNativeTarget;
			buildConfigurationList = 827F4463AB924192BFBCB78C /* Build configuration list for PBXNativeTarget "playground_ios" */;
			buildPhases = (
				884E8D667A8241EBB951F3C3 /* Sources */,
				01BA59D09C59403286BC3B93 /* Frameworks */,
				C1C15B4786DA4CBFAA0A6EBE /* Resources */,
			);
			buildRules = (
			);
			dependencies = (
			);
			name = playground_ios;
			productName = playground_ios;
			productReference = CC1694FB466C4D56A8088036 /* playground_ios.app */;
			productType = "com.apple.product-type.application";
		};
/* End PBXNativeTarget section */

/* Begin PBXProject section */
		1A2EF7D763F14622A846ACD1 /* Project object */ = {
			isa = PBXProject;
			attributes = {
				BuildIndependentTargetsInParallel = 1;
				LastUpgradeCheck = 1600;
				TargetAttributes = {
					7965CEDF6C294CFEA9DE3FA2 = {
						CreatedOnToolsVersion = 16.0;
						DevelopmentTeam = 5FT3566K9X;
						ProvisioningStyle = Automatic;
					};
				};
			};
			buildConfigurationList = 63AB0F8A5D184B62A7C96C10 /* Build configuration list for PBXProject "playground_ios" */;
			compatibilityVersion = "Xcode 14.0";
			developmentRegion = en;
			hasScannedForEncodings = 0;
			knownRegions = (
				en,
				Base,
			);
			mainGroup = 36A91E1A2BF6476988AEBD53;
			productRefGroup = 795BD2B26D204ECFB37BEC43 /* Products */;
			projectDirPath = "";
			projectRoot = "";
			targets = (
				7965CEDF6C294CFEA9DE3FA2 /* playground_ios */,
			);
		};
/* End PBXProject section */

/* Begin PBXResourcesBuildPhase section */
		C1C15B4786DA4CBFAA0A6EBE /* Resources */ = {
			isa = PBXResourcesBuildPhase;
			buildActionMask = 2147483647;
			files = (
				B4647AC8C0284ED6A53B72D6 /* juggle_p0.8_stride4.glb in Resources */,
				2F1C6E1A4B8A4B7A9C2E0D31 /* juggle_full_stride4.glb in Resources */,
				871ABDA5F6464294B6191BFC /* texture.npy in Resources */,
				DBA021A1197344FB96422B7E /* unet_weights.fp16.bin in Resources */,
				DAA002B9D35C463FA3B85F10 /* unet_weights.layers.txt in Resources */,
				95DC5E4FC9A64DE2ACAA7594 /* memory_head.npz in Resources */,
				5CAEA93751D242B3B4B20ADE /* bg_sphere.npy in Resources */,
				4888393131264F938557D1B6 /* examples in Resources */,
				8EE36E36D95A4E689D3ACC06 /* shaders in Resources */,
			);
			runOnlyForDeploymentPostprocessing = 0;
		};
/* End PBXResourcesBuildPhase section */

/* Begin PBXSourcesBuildPhase section */
		884E8D667A8241EBB951F3C3 /* Sources */ = {
			isa = PBXSourcesBuildPhase;
			buildActionMask = 2147483647;
			files = (
				08BA9FA7E54B4A71824375EF /* main.mm in Sources */,
				0978CD32677F430C97AF6855 /* AppDelegate.mm in Sources */,
				610929FFD4AC4CE2867ABFB6 /* SplatView.mm in Sources */,
				9CAF47923B284476B9E30DCC /* ios_metal_bridge_stub.mm in Sources */,
				DF63C967A26D4946A51FB775 /* metal_context.cpp in Sources */,
				F1E497534FF9459591D4052B /* metal_scene.cpp in Sources */,
				D12A5C5F6DEC41619E0B590D /* metal_scene_manager.cpp in Sources */,
				C340CDD9B8684665A236D7A1 /* gltf_loader.cpp in Sources */,
				8A76AEF63D9844A1948E6C03 /* camera.cpp in Sources */,
				3137A4468628433AB00F9F4C /* metal_splat_renderer.cpp in Sources */,
				C6D4BAF57470485A95F7A8BC /* dlss_io.cpp in Sources */,
				EB5538F0964A4E2C9C752637 /* scene_geometry.cpp in Sources */,
				69A6527205E64DEFBDD1E117 /* metal_screenshot.cpp in Sources */,
				F50732F6B7AC4C67A7A35169 /* reflected_pipeline.cpp in Sources */,
				E75552357DDD4023AE4F22A8 /* metal_shader_transpiler.cpp in Sources */,
				A8093538955E47EEB9CFAE97 /* metal_splat_luxc_renderer.cpp in Sources */,
				9C2638C4FEC717249A0D3ED3 /* orbit_camera.cpp in Sources */,
				7159B46FABA14FA1180A72AA /* net_input_assembly.mm in Sources */,
				542E9D180707DAFA96079C82 /* mps_graph_unet.mm in Sources */,
				C48763807E638EA81504D03F /* live_reconstruct_pass.mm in Sources */,
				0E8E5DA30FF9F7570C28BA7C /* metal_live_reconstruct.cpp in Sources */,
				C1CEA2AC4D5142B1AE0664D7 /* spirv_cross.cpp in Sources */,
				1FC6C231D40D43C8B648F3F3 /* spirv_parser.cpp in Sources */,
				E401CA4CC2A64D73A9B466BB /* spirv_cross_parsed_ir.cpp in Sources */,
				01FFBE188D744534B7DD3219 /* spirv_cfg.cpp in Sources */,
				9B910156ADA746E8802D9FA8 /* spirv_glsl.cpp in Sources */,
				D84B834851B745DE99FD3072 /* spirv_msl.cpp in Sources */,
			);
			runOnlyForDeploymentPostprocessing = 0;
		};
/* End PBXSourcesBuildPhase section */

/* Begin XCBuildConfiguration section */
		CCADD215F5E444F3852E86FC /* Debug */ = {
			isa = XCBuildConfiguration;
			buildSettings = {
				ALWAYS_SEARCH_USER_PATHS = NO;
				CLANG_ANALYZER_NONNULL = YES;
				CLANG_CXX_LANGUAGE_STANDARD = "c++17";
				CLANG_ENABLE_MODULES = YES;
				CLANG_ENABLE_OBJC_ARC = YES;
				CLANG_ENABLE_OBJC_WEAK = YES;
				CODE_SIGN_STYLE = Automatic;
				COPY_PHASE_STRIP = NO;
				DEBUG_INFORMATION_FORMAT = dwarf;
				ENABLE_STRICT_OBJC_MSGSEND = YES;
				ENABLE_TESTABILITY = YES;
				GCC_C_LANGUAGE_STANDARD = gnu17;
				GCC_DYNAMIC_NO_PIC = NO;
				GCC_NO_COMMON_BLOCKS = YES;
				GCC_OPTIMIZATION_LEVEL = 0;
				GCC_PREPROCESSOR_DEFINITIONS = (
					"DEBUG=1",
					"GLM_FORCE_DEPTH_ZERO_TO_ONE=1",
					"$(inherited)",
				);
				IPHONEOS_DEPLOYMENT_TARGET = 16.0;
				HEADER_SEARCH_PATHS = (
					"$(SRCROOT)/../playground_cpp/src",
					"$(SRCROOT)/../playground_cpp/deps",
					"$(SRCROOT)/../playground_cpp/deps/metal-cpp",
					"$(SRCROOT)/../playground_cpp/build-metal/_deps/glm-src",
					"$(SRCROOT)/../playground_cpp/build-metal/_deps/spirv-cross-src",
					"$(SRCROOT)/../playground_cpp/build-metal/_deps",
					/usr/local/include,
				);
				MTL_ENABLE_DEBUG_INFO = INCLUDE_SOURCE;
				MTL_FAST_MATH = YES;
				ONLY_ACTIVE_ARCH = YES;
				SDKROOT = iphoneos;
			};
			name = Debug;
		};
		26CAB6FDD47A4D0285E8EBEA /* Release */ = {
			isa = XCBuildConfiguration;
			buildSettings = {
				ALWAYS_SEARCH_USER_PATHS = NO;
				CLANG_ANALYZER_NONNULL = YES;
				CLANG_CXX_LANGUAGE_STANDARD = "c++17";
				CLANG_ENABLE_MODULES = YES;
				CLANG_ENABLE_OBJC_ARC = YES;
				CLANG_ENABLE_OBJC_WEAK = YES;
				CODE_SIGN_STYLE = Automatic;
				COPY_PHASE_STRIP = NO;
				DEBUG_INFORMATION_FORMAT = "dwarf-with-dsym";
				ENABLE_NS_ASSERTIONS = NO;
				ENABLE_STRICT_OBJC_MSGSEND = YES;
				GCC_C_LANGUAGE_STANDARD = gnu17;
				GCC_NO_COMMON_BLOCKS = YES;
				GCC_PREPROCESSOR_DEFINITIONS = (
					"GLM_FORCE_DEPTH_ZERO_TO_ONE=1",
					"$(inherited)",
				);
				IPHONEOS_DEPLOYMENT_TARGET = 16.0;
				HEADER_SEARCH_PATHS = (
					"$(SRCROOT)/../playground_cpp/src",
					"$(SRCROOT)/../playground_cpp/deps",
					"$(SRCROOT)/../playground_cpp/deps/metal-cpp",
					"$(SRCROOT)/../playground_cpp/build-metal/_deps/glm-src",
					"$(SRCROOT)/../playground_cpp/build-metal/_deps/spirv-cross-src",
					"$(SRCROOT)/../playground_cpp/build-metal/_deps",
					/usr/local/include,
				);
				MTL_ENABLE_DEBUG_INFO = NO;
				MTL_FAST_MATH = YES;
				SDKROOT = iphoneos;
				VALIDATE_PRODUCT = YES;
			};
			name = Release;
		};
		9A8614C8859E4AA091B3C117 /* Debug */ = {
			isa = XCBuildConfiguration;
			buildSettings = {
				CODE_SIGN_IDENTITY = "Apple Development";
				CODE_SIGN_STYLE = Automatic;
				DEVELOPMENT_TEAM = 5FT3566K9X;
				ENABLE_PREVIEWS = NO;
				GENERATE_INFOPLIST_FILE = NO;
				INFOPLIST_FILE = Source/Info.plist;
				IPHONEOS_DEPLOYMENT_TARGET = 16.0;
				LD_RUNPATH_SEARCH_PATHS = (
					"$(inherited)",
					"@executable_path/Frameworks",
				);
				PRODUCT_BUNDLE_IDENTIFIER = com.rudybear.lux4dgs.playgroundios;
				PRODUCT_NAME = "$(TARGET_NAME)";
				PROVISIONING_PROFILE_SPECIFIER = "";
				SDKROOT = iphoneos;
				TARGETED_DEVICE_FAMILY = "1,2";
			};
			name = Debug;
		};
		38C0A5F3608F46879D871A78 /* Release */ = {
			isa = XCBuildConfiguration;
			buildSettings = {
				CODE_SIGN_IDENTITY = "Apple Development";
				CODE_SIGN_STYLE = Automatic;
				DEVELOPMENT_TEAM = 5FT3566K9X;
				ENABLE_PREVIEWS = NO;
				GENERATE_INFOPLIST_FILE = NO;
				INFOPLIST_FILE = Source/Info.plist;
				IPHONEOS_DEPLOYMENT_TARGET = 16.0;
				LD_RUNPATH_SEARCH_PATHS = (
					"$(inherited)",
					"@executable_path/Frameworks",
				);
				PRODUCT_BUNDLE_IDENTIFIER = com.rudybear.lux4dgs.playgroundios;
				PRODUCT_NAME = "$(TARGET_NAME)";
				PROVISIONING_PROFILE_SPECIFIER = "";
				SDKROOT = iphoneos;
				TARGETED_DEVICE_FAMILY = "1,2";
			};
			name = Release;
		};
/* End XCBuildConfiguration section */

/* Begin XCConfigurationList section */
		63AB0F8A5D184B62A7C96C10 /* Build configuration list for PBXProject "playground_ios" */ = {
			isa = XCConfigurationList;
			buildConfigurations = (
				CCADD215F5E444F3852E86FC /* Debug */,
				26CAB6FDD47A4D0285E8EBEA /* Release */,
			);
			defaultConfigurationIsVisible = 0;
			defaultConfigurationName = Release;
		};
		827F4463AB924192BFBCB78C /* Build configuration list for PBXNativeTarget "playground_ios" */ = {
			isa = XCConfigurationList;
			buildConfigurations = (
				9A8614C8859E4AA091B3C117 /* Debug */,
				38C0A5F3608F46879D871A78 /* Release */,
			);
			defaultConfigurationIsVisible = 0;
			defaultConfigurationName = Release;
		};
/* End XCConfigurationList section */

	};
	rootObject = 1A2EF7D763F14622A846ACD1 /* Project object */;
}
